Microsoft Visual Studio Solution File, Format Version 12.00
# Visual Studio Version 17
VisualStudioVersion = 17.5.2.0
MinimumVisualStudioVersion = 10.0.40219.1
Project("{2150E333-8FDC-42A3-9474-1A3956D46DE8}") = "samples", "samples", "{5D20AA90-6969-D8BD-9DCD-8634F4692FDA}"
EndProject
Project("{FAE04EC0-301F-11D3-BF4B-00C04F79EFBC}") = "OtelConsoleApp", "samples\OtelConsoleApp\OtelConsoleApp.csproj", "{16F0AB6D-C652-8A60-A4A1-14B4F9ED2F0A}"
EndProject
Global
	GlobalSection(SolutionConfigurationPlatforms) = preSolution
		Debug|Any CPU = Debug|Any CPU
		Release|Any CPU = Release|Any CPU
	EndGlobalSection
	GlobalSection(ProjectConfigurationPlatforms) = postSolution
		{16F0AB6D-C652-8A60-A4A1-14B4F9ED2F0A}.Debug|Any CPU.ActiveCfg = Debug|Any CPU
		{16F0AB6D-C652-8A60-A4A1-14B4F9ED2F0A}.Debug|Any CPU.Build.0 = Debug|Any CPU
		{16F0AB6D-C652-8A60-A4A1-14B4F9ED2F0A}.Release|Any CPU.ActiveCfg = Release|Any CPU
		{16F0AB6D-C652-8A60-A4A1-14B4F9ED2F0A}.Release|Any CPU.Build.0 = Release|Any CPU
	EndGlobalSection
	GlobalSection(SolutionProperties) = preSolution
		HideSolutionNode = FALSE
	EndGlobalSection
	GlobalSection(NestedProjects) = preSolution
		{16F0AB6D-C652-8A60-A4A1-14B4F9ED2F0A} = {5D20AA90-6969-D8BD-9DCD-8634F4692FDA}
	EndGlobalSection
	GlobalSection(ExtensibilityGlobals) = postSolution
		SolutionGuid = {D9869A76-57A9-4BAA-9D79-EAC7D49D2219}
	EndGlobalSection
EndGlobal
